
Microsoft Visual Studio Solution File, Format Version 12.00
Project("{2150E333-8FDC-42A3-9474-1A3956D46DE8}") = "src", "src", "{EB792E5D-AC82-49D2-9AF1-8ED8B8E42E47}"
EndProject
Project("{2150E333-8FDC-42A3-9474-1A3956D46DE8}") = "tests", "tests", "{DE0E9AEE-EF52-4B39-9C3C-18B8AD2A6EAF}"
EndProject
Project("{FAE04EC0-301F-11D3-BF4B-00C04F79EFBC}") = "UtilityBills", "src\UtilityBills\UtilityBills.csproj", "{A7D734C1-1392-4B66-B5E5-AD7EC302CDA0}"
EndProject
Project("{FAE04EC0-301F-11D3-BF4B-00C04F79EFBC}") = "UtilityBills.Application", "src\UtilityBills.Application\UtilityBills.Application.csproj", "{2F0DD079-EF70-4401-972B-7C9859368A2C}"
EndProject
Project("{FAE04EC0-301F-11D3-BF4B-00C04F79EFBC}") = "UtilityBills.Infrastructure", "src\UtilityBills.Infrastructure\UtilityBills.Infrastructure.csproj", "{DFA0A28E-DE8D-4102-99B7-64AB78188C7D}"
EndProject
Project("{FAE04EC0-301F-11D3-BF4B-00C04F79EFBC}") = "UtilityBills.Host", "src\UtilityBills.Host\UtilityBills.Host.csproj", "{22F2A912-B7C6-484D-8C33-239170D3B2D1}"
EndProject
Project("{FAE04EC0-301F-11D3-BF4B-00C04F79EFBC}") = "UtilityBills.Aspire.AppHost.AppHost", "src\UtilityBills.Aspire.AppHost\UtilityBills.Aspire.AppHost.AppHost\UtilityBills.Aspire.AppHost.AppHost.csproj", "{CDBDB431-12FF-483A-9E03-BFF7812083EC}"
EndProject
Project("{FAE04EC0-301F-11D3-BF4B-00C04F79EFBC}") = "UtilityBills.Aspire.AppHost.ServiceDefaults", "src\UtilityBills.Aspire.AppHost\UtilityBills.Aspire.AppHost.ServiceDefaults\UtilityBills.Aspire.AppHost.ServiceDefaults.csproj", "{074E2633-65A8-4643-B7C0-4CEF7BEC68AF}"
EndProject
Project("{2150E333-8FDC-42A3-9474-1A3956D46DE8}") = "aspire", "aspire", "{50173EB4-7171-46AC-913F-25D90CDACE3A}"
EndProject
Project("{FAE04EC0-301F-11D3-BF4B-00C04F79EFBC}") = "UtilityBills.Telegram", "src\UtilityBills.Telegram\UtilityBills.Telegram.csproj", "{C2FEEA02-A020-4BB0-82E7-0652D1B0155A}"
EndProject
Project("{FAE04EC0-301F-11D3-BF4B-00C04F79EFBC}") = "KvadoClient", "..\KvadoClient\src\KvadoClient\KvadoClient.csproj", "{413CB065-9FAB-4E84-A554-423C5ECB5CA7}"
EndProject
Project("{2150E333-8FDC-42A3-9474-1A3956D46DE8}") = "clients", "clients", "{EA2D2B4C-9602-42D4-B09D-79CFA7668FCA}"
EndProject
Project("{FAE04EC0-301F-11D3-BF4B-00C04F79EFBC}") = "OrientClient", "..\OrientClient\src\OrientClient\OrientClient.csproj", "{1658F02A-120D-40BB-A6F4-662DF590A286}"
EndProject
Global
	GlobalSection(SolutionConfigurationPlatforms) = preSolution
		Debug|Any CPU = Debug|Any CPU
		Release|Any CPU = Release|Any CPU
	EndGlobalSection
	GlobalSection(NestedProjects) = preSolution
		{A7D734C1-1392-4B66-B5E5-AD7EC302CDA0} = {EB792E5D-AC82-49D2-9AF1-8ED8B8E42E47}
		{2F0DD079-EF70-4401-972B-7C9859368A2C} = {EB792E5D-AC82-49D2-9AF1-8ED8B8E42E47}
		{DFA0A28E-DE8D-4102-99B7-64AB78188C7D} = {EB792E5D-AC82-49D2-9AF1-8ED8B8E42E47}
		{22F2A912-B7C6-484D-8C33-239170D3B2D1} = {EB792E5D-AC82-49D2-9AF1-8ED8B8E42E47}
		{50173EB4-7171-46AC-913F-25D90CDACE3A} = {EB792E5D-AC82-49D2-9AF1-8ED8B8E42E47}
		{CDBDB431-12FF-483A-9E03-BFF7812083EC} = {50173EB4-7171-46AC-913F-25D90CDACE3A}
		{074E2633-65A8-4643-B7C0-4CEF7BEC68AF} = {50173EB4-7171-46AC-913F-25D90CDACE3A}
		{C2FEEA02-A020-4BB0-82E7-0652D1B0155A} = {EB792E5D-AC82-49D2-9AF1-8ED8B8E42E47}
		{EA2D2B4C-9602-42D4-B09D-79CFA7668FCA} = {EB792E5D-AC82-49D2-9AF1-8ED8B8E42E47}
		{413CB065-9FAB-4E84-A554-423C5ECB5CA7} = {EA2D2B4C-9602-42D4-B09D-79CFA7668FCA}
		{1658F02A-120D-40BB-A6F4-662DF590A286} = {EA2D2B4C-9602-42D4-B09D-79CFA7668FCA}
	EndGlobalSection
	GlobalSection(ProjectConfigurationPlatforms) = postSolution
		{A7D734C1-1392-4B66-B5E5-AD7EC302CDA0}.Debug|Any CPU.ActiveCfg = Debug|Any CPU
		{A7D734C1-1392-4B66-B5E5-AD7EC302CDA0}.Debug|Any CPU.Build.0 = Debug|Any CPU
		{A7D734C1-1392-4B66-B5E5-AD7EC302CDA0}.Release|Any CPU.ActiveCfg = Release|Any CPU
		{A7D734C1-1392-4B66-B5E5-AD7EC302CDA0}.Release|Any CPU.Build.0 = Release|Any CPU
		{2F0DD079-EF70-4401-972B-7C9859368A2C}.Debug|Any CPU.ActiveCfg = Debug|Any CPU
		{2F0DD079-EF70-4401-972B-7C9859368A2C}.Debug|Any CPU.Build.0 = Debug|Any CPU
		{2F0DD079-EF70-4401-972B-7C9859368A2C}.Release|Any CPU.ActiveCfg = Release|Any CPU
		{2F0DD079-EF70-4401-972B-7C9859368A2C}.Release|Any CPU.Build.0 = Release|Any CPU
		{DFA0A28E-DE8D-4102-99B7-64AB78188C7D}.Debug|Any CPU.ActiveCfg = Debug|Any CPU
		{DFA0A28E-DE8D-4102-99B7-64AB78188C7D}.Debug|Any CPU.Build.0 = Debug|Any CPU
		{DFA0A28E-DE8D-4102-99B7-64AB78188C7D}.Release|Any CPU.ActiveCfg = Release|Any CPU
		{DFA0A28E-DE8D-4102-99B7-64AB78188C7D}.Release|Any CPU.Build.0 = Release|Any CPU
		{22F2A912-B7C6-484D-8C33-239170D3B2D1}.Debug|Any CPU.ActiveCfg = Debug|Any CPU
		{22F2A912-B7C6-484D-8C33-239170D3B2D1}.Debug|Any CPU.Build.0 = Debug|Any CPU
		{22F2A912-B7C6-484D-8C33-239170D3B2D1}.Release|Any CPU.ActiveCfg = Release|Any CPU
		{22F2A912-B7C6-484D-8C33-239170D3B2D1}.Release|Any CPU.Build.0 = Release|Any CPU
		{CDBDB431-12FF-483A-9E03-BFF7812083EC}.Debug|Any CPU.ActiveCfg = Debug|Any CPU
		{CDBDB431-12FF-483A-9E03-BFF7812083EC}.Debug|Any CPU.Build.0 = Debug|Any CPU
		{CDBDB431-12FF-483A-9E03-BFF7812083EC}.Release|Any CPU.ActiveCfg = Release|Any CPU
		{CDBDB431-12FF-483A-9E03-BFF7812083EC}.Release|Any CPU.Build.0 = Release|Any CPU
		{074E2633-65A8-4643-B7C0-4CEF7BEC68AF}.Debug|Any CPU.ActiveCfg = Debug|Any CPU
		{074E2633-65A8-4643-B7C0-4CEF7BEC68AF}.Debug|Any CPU.Build.0 = Debug|Any CPU
		{074E2633-65A8-4643-B7C0-4CEF7BEC68AF}.Release|Any CPU.ActiveCfg = Release|Any CPU
		{074E2633-65A8-4643-B7C0-4CEF7BEC68AF}.Release|Any CPU.Build.0 = Release|Any CPU
		{C2FEEA02-A020-4BB0-82E7-0652D1B0155A}.Debug|Any CPU.ActiveCfg = Debug|Any CPU
		{C2FEEA02-A020-4BB0-82E7-0652D1B0155A}.Debug|Any CPU.Build.0 = Debug|Any CPU
		{C2FEEA02-A020-4BB0-82E7-0652D1B0155A}.Release|Any CPU.ActiveCfg = Release|Any CPU
		{C2FEEA02-A020-4BB0-82E7-0652D1B0155A}.Release|Any CPU.Build.0 = Release|Any CPU
		{413CB065-9FAB-4E84-A554-423C5ECB5CA7}.Debug|Any CPU.ActiveCfg = Debug|Any CPU
		{413CB065-9FAB-4E84-A554-423C5ECB5CA7}.Debug|Any CPU.Build.0 = Debug|Any CPU
		{413CB065-9FAB-4E84-A554-423C5ECB5CA7}.Release|Any CPU.ActiveCfg = Release|Any CPU
		{413CB065-9FAB-4E84-A554-423C5ECB5CA7}.Release|Any CPU.Build.0 = Release|Any CPU
		{1658F02A-120D-40BB-A6F4-662DF590A286}.Debug|Any CPU.ActiveCfg = Debug|Any CPU
		{1658F02A-120D-40BB-A6F4-662DF590A286}.Debug|Any CPU.Build.0 = Debug|Any CPU
		{1658F02A-120D-40BB-A6F4-662DF590A286}.Release|Any CPU.ActiveCfg = Release|Any CPU
		{1658F02A-120D-40BB-A6F4-662DF590A286}.Release|Any CPU.Build.0 = Release|Any CPU
	EndGlobalSection
EndGlobal
